lockfile_version: '1'
dependencies: []
deployments:
- kind: project-relative
  target: claude
  value: .claude/agents/thermo-nuclear-code-quality-review-subagent.md
  runtime: null
  scope: project
  owners:
  - .
  active_owner: .
  content_hash: sha256:f9739d1a72829ff6b92be6b05e0cc7851beaa65d1249889442e33f84f38c57bc
- kind: project-relative
  target: claude
  value: .claude/agents/thermo-nuclear-review-subagent.md
  runtime: null
  scope: project
  owners:
  - .
  active_owner: .
  content_hash: sha256:21aaa66fe941ace64c3ebc8c4073bfa5e32dba7e1b2a35fb9b6ea54c861a7f1d
- kind: project-relative
  target: claude
  value: .claude/skills/thermo-nuclear-code-quality-review
  runtime: null
  scope: project
  owners:
  - .
  active_owner: .
  content_hash: null
- kind: project-relative
  target: claude
  value: .claude/skills/thermo-nuclear-code-quality-review/SKILL.md
  runtime: null
  scope: project
  owners:
  - .
  active_owner: .
  content_hash: sha256:7faca08b51b643b2ddd0836f92af15574444024685dcc1e677dbbb39ae8c9e8f
- kind: project-relative
  target: claude
  value: .claude/skills/thermo-nuclear-review
  runtime: null
  scope: project
  owners:
  - .
  active_owner: .
  content_hash: null
- kind: project-relative
  target: claude
  value: .claude/skills/thermo-nuclear-review/SKILL.md
  runtime: null
  scope: project
  owners:
  - .
  active_owner: .
  content_hash: sha256:2ddade19e8b3ee44fe1c8145ffc093fe927e91d9ae9e49a53df28ca5705cd280
- kind: project-relative
  target: claude
  value: .claude/skills/thermos
  runtime: null
  scope: project
  owners:
  - .
  active_owner: .
  content_hash: null
- kind: project-relative
  target: claude
  value: .claude/skills/thermos/SKILL.md
  runtime: null
  scope: project
  owners:
  - .
  active_owner: .
  content_hash: sha256:081f1a795e8e45d80791ffc9f371852663c28ab55753a0fdcf111970f6481e3e
- kind: project-relative
  target: copilot
  value: .github/agents/thermo-nuclear-code-quality-review-subagent.agent.md
  runtime: null
  scope: project
  owners:
  - .
  active_owner: .
  content_hash: sha256:f9739d1a72829ff6b92be6b05e0cc7851beaa65d1249889442e33f84f38c57bc
- kind: project-relative
  target: copilot
  value: .github/agents/thermo-nuclear-review-subagent.agent.md
  runtime: null
  scope: project
  owners:
  - .
  active_owner: .
  content_hash: sha256:21aaa66fe941ace64c3ebc8c4073bfa5e32dba7e1b2a35fb9b6ea54c861a7f1d
- kind: project-relative
  target: cursor
  value: .cursor/agents/thermo-nuclear-code-quality-review-subagent.md
  runtime: null
  scope: project
  owners:
  - .
  active_owner: .
  content_hash: sha256:f9739d1a72829ff6b92be6b05e0cc7851beaa65d1249889442e33f84f38c57bc
- kind: project-relative
  target: cursor
  value: .cursor/agents/thermo-nuclear-review-subagent.md
  runtime: null
  scope: project
  owners:
  - .
  active_owner: .
  content_hash: sha256:21aaa66fe941ace64c3ebc8c4073bfa5e32dba7e1b2a35fb9b6ea54c861a7f1d
- kind: project-relative
  target: legacy
  value: .agents/skills/thermo-nuclear-code-quality-review
  runtime: null
  scope: project
  owners:
  - .
  active_owner: .
  content_hash: null
- kind: project-relative
  target: legacy
  value: .agents/skills/thermo-nuclear-code-quality-review/SKILL.md
  runtime: null
  scope: project
  owners:
  - .
  active_owner: .
  content_hash: sha256:7faca08b51b643b2ddd0836f92af15574444024685dcc1e677dbbb39ae8c9e8f
- kind: project-relative
  target: legacy
  value: .agents/skills/thermo-nuclear-review
  runtime: null
  scope: project
  owners:
  - .
  active_owner: .
  content_hash: null
- kind: project-relative
  target: legacy
  value: .agents/skills/thermo-nuclear-review/SKILL.md
  runtime: null
  scope: project
  owners:
  - .
  active_owner: .
  content_hash: sha256:2ddade19e8b3ee44fe1c8145ffc093fe927e91d9ae9e49a53df28ca5705cd280
- kind: project-relative
  target: legacy
  value: .agents/skills/thermos
  runtime: null
  scope: project
  owners:
  - .
  active_owner: .
  content_hash: null
- kind: project-relative
  target: legacy
  value: .agents/skills/thermos/SKILL.md
  runtime: null
  scope: project
  owners:
  - .
  active_owner: .
  content_hash: sha256:081f1a795e8e45d80791ffc9f371852663c28ab55753a0fdcf111970f6481e3e
local_deployed_files:
- .agents/skills/thermo-nuclear-code-quality-review
- .agents/skills/thermo-nuclear-code-quality-review/SKILL.md
- .agents/skills/thermo-nuclear-review
- .agents/skills/thermo-nuclear-review/SKILL.md
- .agents/skills/thermos
- .agents/skills/thermos/SKILL.md
- .claude/agents/thermo-nuclear-code-quality-review-subagent.md
- .claude/agents/thermo-nuclear-review-subagent.md
- .claude/skills/thermo-nuclear-code-quality-review
- .claude/skills/thermo-nuclear-code-quality-review/SKILL.md
- .claude/skills/thermo-nuclear-review
- .claude/skills/thermo-nuclear-review/SKILL.md
- .claude/skills/thermos
- .claude/skills/thermos/SKILL.md
- .cursor/agents/thermo-nuclear-code-quality-review-subagent.md
- .cursor/agents/thermo-nuclear-review-subagent.md
- .github/agents/thermo-nuclear-code-quality-review-subagent.agent.md
- .github/agents/thermo-nuclear-review-subagent.agent.md
local_deployed_file_hashes:
  .agents/skills/thermo-nuclear-code-quality-review/SKILL.md: sha256:7faca08b51b643b2ddd0836f92af15574444024685dcc1e677dbbb39ae8c9e8f
  .agents/skills/thermo-nuclear-review/SKILL.md: sha256:2ddade19e8b3ee44fe1c8145ffc093fe927e91d9ae9e49a53df28ca5705cd280
  .agents/skills/thermos/SKILL.md: sha256:081f1a795e8e45d80791ffc9f371852663c28ab55753a0fdcf111970f6481e3e
  .claude/agents/thermo-nuclear-code-quality-review-subagent.md: sha256:f9739d1a72829ff6b92be6b05e0cc7851beaa65d1249889442e33f84f38c57bc
  .claude/agents/thermo-nuclear-review-subagent.md: sha256:21aaa66fe941ace64c3ebc8c4073bfa5e32dba7e1b2a35fb9b6ea54c861a7f1d
  .claude/skills/thermo-nuclear-code-quality-review/SKILL.md: sha256:7faca08b51b643b2ddd0836f92af15574444024685dcc1e677dbbb39ae8c9e8f
  .claude/skills/thermo-nuclear-review/SKILL.md: sha256:2ddade19e8b3ee44fe1c8145ffc093fe927e91d9ae9e49a53df28ca5705cd280
  .claude/skills/thermos/SKILL.md: sha256:081f1a795e8e45d80791ffc9f371852663c28ab55753a0fdcf111970f6481e3e
  .cursor/agents/thermo-nuclear-code-quality-review-subagent.md: sha256:f9739d1a72829ff6b92be6b05e0cc7851beaa65d1249889442e33f84f38c57bc
  .cursor/agents/thermo-nuclear-review-subagent.md: sha256:21aaa66fe941ace64c3ebc8c4073bfa5e32dba7e1b2a35fb9b6ea54c861a7f1d
  .github/agents/thermo-nuclear-code-quality-review-subagent.agent.md: sha256:f9739d1a72829ff6b92be6b05e0cc7851beaa65d1249889442e33f84f38c57bc
  .github/agents/thermo-nuclear-review-subagent.agent.md: sha256:21aaa66fe941ace64c3ebc8c4073bfa5e32dba7e1b2a35fb9b6ea54c861a7f1d
